
Microsoft Visual Studio Solution File, Format Version 12.00
# Visual Studio Version 16
VisualStudioVersion = 25.0.1700.1
MinimumVisualStudioVersion = 10.0.40219.1
Project("{FAE04EC0-301F-11D3-BF4B-00C04F79EFBC}") = "XProxy.DAL", "XProxy.DAL\XProxy.DAL.csproj", "{CA471B8B-849E-4B37-9E2E-12E5B1CA70AD}"
EndProject
Project("{FAE04EC0-301F-11D3-BF4B-00C04F79EFBC}") = "XProxy.Web", "XProxy.Web\XProxy.Web.csproj", "{F94B39E5-511F-4D55-8C17-1D4D0C47CAE6}"
EndProject
Project("{FAE04EC0-301F-11D3-BF4B-00C04F79EFBC}") = "XProxy.DataMigration", "XProxy.DataMigration\XProxy.DataMigration.csproj", "{4BC441FB-D8C0-4703-A70F-B625DFA50409}"
EndProject
Global
	GlobalSection(SolutionConfigurationPlatforms) = preSolution
		Debug|Any CPU = Debug|Any CPU
		Release|Any CPU = Release|Any CPU
	EndGlobalSection
	GlobalSection(ProjectConfigurationPlatforms) = postSolution
		{CA471B8B-849E-4B37-9E2E-12E5B1CA70AD}.Debug|Any CPU.ActiveCfg = Debug|Any CPU
		{CA471B8B-849E-4B37-9E2E-12E5B1CA70AD}.Debug|Any CPU.Build.0 = Debug|Any CPU
		{CA471B8B-849E-4B37-9E2E-12E5B1CA70AD}.Release|Any CPU.ActiveCfg = Release|Any CPU
		{CA471B8B-849E-4B37-9E2E-12E5B1CA70AD}.Release|Any CPU.Build.0 = Release|Any CPU
		{F94B39E5-511F-4D55-8C17-1D4D0C47CAE6}.Debug|Any CPU.ActiveCfg = Debug|Any CPU
		{F94B39E5-511F-4D55-8C17-1D4D0C47CAE6}.Debug|Any CPU.Build.0 = Debug|Any CPU
		{F94B39E5-511F-4D55-8C17-1D4D0C47CAE6}.Release|Any CPU.ActiveCfg = Release|Any CPU
		{F94B39E5-511F-4D55-8C17-1D4D0C47CAE6}.Release|Any CPU.Build.0 = Release|Any CPU
		{4BC441FB-D8C0-4703-A70F-B625DFA50409}.Debug|Any CPU.ActiveCfg = Debug|Any CPU
		{4BC441FB-D8C0-4703-A70F-B625DFA50409}.Debug|Any CPU.Build.0 = Debug|Any CPU
		{4BC441FB-D8C0-4703-A70F-B625DFA50409}.Release|Any CPU.ActiveCfg = Release|Any CPU
		{4BC441FB-D8C0-4703-A70F-B625DFA50409}.Release|Any CPU.Build.0 = Release|Any CPU
	EndGlobalSection
	GlobalSection(SolutionProperties) = preSolution
		HideSolutionNode = FALSE
	EndGlobalSection
	GlobalSection(ExtensibilityGlobals) = postSolution
		SolutionGuid = {200800E7-6382-45B7-9AC9-E32DE39FFD42}
	EndGlobalSection
EndGlobal
